
Microsoft Visual Studio Solution File, Format Version 12.00
# Visual Studio 15
VisualStudioVersion = 15.0.27004.2005
MinimumVisualStudioVersion = 10.0.40219.1
Project("{8BC9CEB8-8B4A-11D0-8D11-00A0C91BC942}") = "odejmowanie vs", "odejmowanie vs\odejmowanie vs.vcxproj", "{29555EBD-45D2-489C-B10B-2792F7C2C22D}"
EndProject
Global
	GlobalSection(SolutionConfigurationPlatforms) = preSolution
		Debug|x64 = Debug|x64
		Debug|x86 = Debug|x86
		Release|x64 = Release|x64
		Release|x86 = Release|x86
	EndGlobalSection
	GlobalSection(ProjectConfigurationPlatforms) = postSolution
		{29555EBD-45D2-489C-B10B-2792F7C2C22D}.Debug|x64.ActiveCfg = Debug|x64
		{29555EBD-45D2-489C-B10B-2792F7C2C22D}.Debug|x64.Build.0 = Debug|x64
		{29555EBD-45D2-489C-B10B-2792F7C2C22D}.Debug|x86.ActiveCfg = Debug|Win32
		{29555EBD-45D2-489C-B10B-2792F7C2C22D}.Debug|x86.Build.0 = Debug|Win32
		{29555EBD-45D2-489C-B10B-2792F7C2C22D}.Release|x64.ActiveCfg = Release|x64
		{29555EBD-45D2-489C-B10B-2792F7C2C22D}.Release|x64.Build.0 = Release|x64
		{29555EBD-45D2-489C-B10B-2792F7C2C22D}.Release|x86.ActiveCfg = Release|Win32
		{29555EBD-45D2-489C-B10B-2792F7C2C22D}.Release|x86.Build.0 = Release|Win32
	EndGlobalSection
	GlobalSection(SolutionProperties) = preSolution
		HideSolutionNode = FALSE
	EndGlobalSection
	GlobalSection(ExtensibilityGlobals) = postSolution
		SolutionGuid = {60E96E08-869C-4778-9273-7EB57E1991E2}
	EndGlobalSection
EndGlobal
